
Microsoft Visual Studio Solution File, Format Version 12.00
# Visual Studio Version 17
VisualStudioVersion = 17.2.32526.322
MinimumVisualStudioVersion = 10.0.40219.1
Project("{FAE04EC0-301F-11D3-BF4B-00C04F79EFBC}") = "TestClient", "TestClient\TestClient.csproj", "{CA3C9CDA-4EB4-4BB4-A120-3C8384C9016F}"
EndProject
Project("{FAE04EC0-301F-11D3-BF4B-00C04F79EFBC}") = "Server", "Server.csproj", "{4E18FAE7-566D-4ABC-AE1D-2F36DC10FF90}"
EndProject
Project("{FAE04EC0-301F-11D3-BF4B-00C04F79EFBC}") = "Messages", "Messages\Messages.csproj", "{36EA779C-2313-4572-A760-0A5DF73C2170}"
EndProject
Project("{FAE04EC0-301F-11D3-BF4B-00C04F79EFBC}") = "HandlerTests", "HandlerTests\HandlerTests.csproj", "{9550ACD0-AE97-43A4-88CC-2E6EDAD0BA6B}"
EndProject
Project("{FAE04EC0-301F-11D3-BF4B-00C04F79EFBC}") = "WPFClient", "WPFClient\WPFClient.csproj", "{7FCCEE0C-C894-4741-ACDA-9EC76B221061}"
EndProject
Global
	GlobalSection(SolutionConfigurationPlatforms) = preSolution
		Debug|Any CPU = Debug|Any CPU
		Release|Any CPU = Release|Any CPU
	EndGlobalSection
	GlobalSection(ProjectConfigurationPlatforms) = postSolution
		{CA3C9CDA-4EB4-4BB4-A120-3C8384C9016F}.Debug|Any CPU.ActiveCfg = Debug|Any CPU
		{CA3C9CDA-4EB4-4BB4-A120-3C8384C9016F}.Debug|Any CPU.Build.0 = Debug|Any CPU
		{CA3C9CDA-4EB4-4BB4-A120-3C8384C9016F}.Release|Any CPU.ActiveCfg = Release|Any CPU
		{CA3C9CDA-4EB4-4BB4-A120-3C8384C9016F}.Release|Any CPU.Build.0 = Release|Any CPU
		{4E18FAE7-566D-4ABC-AE1D-2F36DC10FF90}.Debug|Any CPU.ActiveCfg = Debug|Any CPU
		{4E18FAE7-566D-4ABC-AE1D-2F36DC10FF90}.Debug|Any CPU.Build.0 = Debug|Any CPU
		{4E18FAE7-566D-4ABC-AE1D-2F36DC10FF90}.Release|Any CPU.ActiveCfg = Release|Any CPU
		{4E18FAE7-566D-4ABC-AE1D-2F36DC10FF90}.Release|Any CPU.Build.0 = Release|Any CPU
		{36EA779C-2313-4572-A760-0A5DF73C2170}.Debug|Any CPU.ActiveCfg = Debug|Any CPU
		{36EA779C-2313-4572-A760-0A5DF73C2170}.Debug|Any CPU.Build.0 = Debug|Any CPU
		{36EA779C-2313-4572-A760-0A5DF73C2170}.Release|Any CPU.ActiveCfg = Release|Any CPU
		{36EA779C-2313-4572-A760-0A5DF73C2170}.Release|Any CPU.Build.0 = Release|Any CPU
		{9550ACD0-AE97-43A4-88CC-2E6EDAD0BA6B}.Debug|Any CPU.ActiveCfg = Debug|Any CPU
		{9550ACD0-AE97-43A4-88CC-2E6EDAD0BA6B}.Debug|Any CPU.Build.0 = Debug|Any CPU
		{9550ACD0-AE97-43A4-88CC-2E6EDAD0BA6B}.Release|Any CPU.ActiveCfg = Release|Any CPU
		{9550ACD0-AE97-43A4-88CC-2E6EDAD0BA6B}.Release|Any CPU.Build.0 = Release|Any CPU
		{7FCCEE0C-C894-4741-ACDA-9EC76B221061}.Debug|Any CPU.ActiveCfg = Debug|Any CPU
		{7FCCEE0C-C894-4741-ACDA-9EC76B221061}.Debug|Any CPU.Build.0 = Debug|Any CPU
		{7FCCEE0C-C894-4741-ACDA-9EC76B221061}.Release|Any CPU.ActiveCfg = Release|Any CPU
		{7FCCEE0C-C894-4741-ACDA-9EC76B221061}.Release|Any CPU.Build.0 = Release|Any CPU
	EndGlobalSection
	GlobalSection(SolutionProperties) = preSolution
		HideSolutionNode = FALSE
	EndGlobalSection
	GlobalSection(ExtensibilityGlobals) = postSolution
		SolutionGuid = {767C6478-D498-4338-B43B-0B5A70CEACD7}
	EndGlobalSection
EndGlobal
